{
  "version": 4,
  "terraform_version": "1.7.3",
  "serial": 107,
  "lineage": "cae88144-f4a3-281c-bcd3-80462c0278aa",
  "outputs": {},
  "resources": [
    {
      "mode": "managed",
      "type": "azurerm_mssql_virtual_machine",
      "name": "mmsql-db",
      "provider": "provider[\"registry.terraform.io/hashicorp/azurerm\"]",
      "instances": [
        {
          "schema_version": 0,
          "attributes": {
            "assessment": [],
            "auto_backup": [],
            "auto_patching": [],
            "id": "/subscriptions/fa1f17e0-aadf-4e9b-a932-ed75c5eab77a/resourceGroups/project-rg/providers/Microsoft.SqlVirtualMachine/sqlVirtualMachines/database-vm",
            "key_vault_credential": [],
            "r_services_enabled": false,
            "sql_connectivity_port": 1433,
            "sql_connectivity_type": "PRIVATE",
            "sql_connectivity_update_password": "Password@123",
            "sql_connectivity_update_username": "adminuser",
            "sql_instance": [],
            "sql_license_type": "PAYG",
            "sql_virtual_machine_group_id": "",
            "storage_configuration": [],
            "tags": {},
            "timeouts": null,
            "virtual_machine_id": "/subscriptions/fa1f17e0-aadf-4e9b-a932-ed75c5eab77a/resourceGroups/project-rg/providers/Microsoft.Compute/virtualMachines/database-vm",
            "wsfc_domain_credential": []
          },
          "sensitive_attributes": [],
          "private": "eyJlMmJmYjczMC1lY2FhLTExZTYtOGY4OC0zNDM2M2JjN2M0YzAiOnsiY3JlYXRlIjozNjAwMDAwMDAwMDAwLCJkZWxldGUiOjM2MDAwMDAwMDAwMDAsInJlYWQiOjMwMDAwMDAwMDAwMCwidXBkYXRlIjozNjAwMDAwMDAwMDAwfX0=",
          "dependencies": [
            "module.compute.azurerm_network_interface.vm-nic",
            "module.compute.azurerm_public_ip.vm-PublicIP",
            "module.compute.azurerm_windows_virtual_machine.vm",
            "module.networking.azurerm_bastion_host.bastian_host",
            "module.networking.azurerm_network_security_group.web-nsg",
            "module.networking.azurerm_network_security_rule.network-security-group-rules",
            "module.networking.azurerm_public_ip.bastian_publicIP",
            "module.networking.azurerm_subnet.bastian_subnet",
            "module.networking.azurerm_subnet.subnets",
            "module.networking.azurerm_subnet_network_security_group_association.nsg-subnet-link",
            "module.networking.azurerm_virtual_network.v-net",
            "module.networking.module.resource_group.azurerm_resource_group.rg"
          ]
        }
      ]
    },
    {
      "mode": "managed",
      "type": "azurerm_network_interface",
      "name": "web-nic",
      "provider": "provider[\"registry.terraform.io/hashicorp/azurerm\"]",
      "instances": [
        {
          "schema_version": 0,
          "attributes": {
            "applied_dns_servers": [],
            "auxiliary_mode": "",
            "auxiliary_sku": "",
            "dns_servers": [],
            "edge_zone": "",
            "enable_accelerated_networking": false,
            "enable_ip_forwarding": false,
            "id": "/subscriptions/fa1f17e0-aadf-4e9b-a932-ed75c5eab77a/resourceGroups/project-rg/providers/Microsoft.Network/networkInterfaces/web-nic",
            "internal_dns_name_label": "",
            "internal_domain_name_suffix": "xsqeglgtakaunh0zsd0b4zmnbf.bx.internal.cloudapp.net",
            "ip_configuration": [
              {
                "gateway_load_balancer_frontend_ip_configuration_id": "",
                "name": "web-ip",
                "primary": true,
                "private_ip_address": "10.0.1.4",
                "private_ip_address_allocation": "Dynamic",
                "private_ip_address_version": "IPv4",
                "public_ip_address_id": "/subscriptions/fa1f17e0-aadf-4e9b-a932-ed75c5eab77a/resourceGroups/project-rg/providers/Microsoft.Network/publicIPAddresses/web-publicIP",
                "subnet_id": "/subscriptions/fa1f17e0-aadf-4e9b-a932-ed75c5eab77a/resourceGroups/project-rg/providers/Microsoft.Network/virtualNetworks/staging-network/subnets/web-subnet"
              }
            ],
            "location": "eastus",
            "mac_address": "7C-1E-52-00-5C-F8",
            "name": "web-nic",
            "private_ip_address": "10.0.1.4",
            "private_ip_addresses": [
              "10.0.1.4"
            ],
            "resource_group_name": "project-rg",
            "tags": {},
            "timeouts": null,
            "virtual_machine_id": "/subscriptions/fa1f17e0-aadf-4e9b-a932-ed75c5eab77a/resourceGroups/project-rg/providers/Microsoft.Compute/virtualMachines/web-vm"
          },
          "sensitive_attributes": [],
          "private": "eyJlMmJmYjczMC1lY2FhLTExZTYtOGY4OC0zNDM2M2JjN2M0YzAiOnsiY3JlYXRlIjoxODAwMDAwMDAwMDAwLCJkZWxldGUiOjE4MDAwMDAwMDAwMDAsInJlYWQiOjMwMDAwMDAwMDAwMCwidXBkYXRlIjoxODAwMDAwMDAwMDAwfX0=",
          "dependencies": [
            "azurerm_public_ip.web-publicIP",
            "module.general.azurerm_resource_group.rg",
            "module.networking.azurerm_subnet.subnets",
            "module.networking.azurerm_virtual_network.v-net",
            "module.networking.module.resource_group.azurerm_resource_group.rg"
          ]
        }
      ]
    },
    {
      "mode": "managed",
      "type": "azurerm_public_ip",
      "name": "web-publicIP",
      "provider": "provider[\"registry.terraform.io/hashicorp/azurerm\"]",
      "instances": [
        {
          "schema_version": 0,
          "attributes": {
            "allocation_method": "Static",
            "ddos_protection_mode": "VirtualNetworkInherited",
            "ddos_protection_plan_id": null,
            "domain_name_label": "",
            "edge_zone": "",
            "fqdn": "webs.eastus.cloudapp.azure.com",
            "id": "/subscriptions/fa1f17e0-aadf-4e9b-a932-ed75c5eab77a/resourceGroups/project-rg/providers/Microsoft.Network/publicIPAddresses/web-publicIP",
            "idle_timeout_in_minutes": 4,
            "ip_address": "40.117.193.19",
            "ip_tags": {},
            "ip_version": "IPv4",
            "location": "eastus",
            "name": "web-publicIP",
            "public_ip_prefix_id": null,
            "resource_group_name": "project-rg",
            "reverse_fqdn": "",
            "sku": "Basic",
            "sku_tier": "Regional",
            "tags": {},
            "timeouts": null,
            "zones": []
          },
          "sensitive_attributes": [],
          "private": "eyJlMmJmYjczMC1lY2FhLTExZTYtOGY4OC0zNDM2M2JjN2M0YzAiOnsiY3JlYXRlIjoxODAwMDAwMDAwMDAwLCJkZWxldGUiOjE4MDAwMDAwMDAwMDAsInJlYWQiOjMwMDAwMDAwMDAwMCwidXBkYXRlIjoxODAwMDAwMDAwMDAwfX0=",
          "dependencies": [
            "module.general.azurerm_resource_group.rg"
          ]
        }
      ]
    },
    {
      "mode": "managed",
      "type": "azurerm_windows_virtual_machine",
      "name": "web-vm",
      "provider": "provider[\"registry.terraform.io/hashicorp/azurerm\"]",
      "instances": [
        {
          "schema_version": 0,
          "attributes": {
            "additional_capabilities": [],
            "additional_unattend_content": [],
            "admin_password": "Password@123",
            "admin_username": "adminuser",
            "allow_extension_operations": true,
            "availability_set_id": "",
            "boot_diagnostics": [],
            "bypass_platform_safety_checks_on_user_schedule_enabled": false,
            "capacity_reservation_group_id": "",
            "computer_name": "web-vm",
            "custom_data": null,
            "dedicated_host_group_id": "",
            "dedicated_host_id": "",
            "edge_zone": "",
            "enable_automatic_updates": true,
            "encryption_at_host_enabled": false,
            "eviction_policy": "",
            "extensions_time_budget": "PT1H30M",
            "gallery_application": [],
            "hotpatching_enabled": false,
            "id": "/subscriptions/fa1f17e0-aadf-4e9b-a932-ed75c5eab77a/resourceGroups/project-rg/providers/Microsoft.Compute/virtualMachines/web-vm",
            "identity": [],
            "license_type": "",
            "location": "eastus",
            "max_bid_price": -1,
            "name": "web-vm",
            "network_interface_ids": [
              "/subscriptions/fa1f17e0-aadf-4e9b-a932-ed75c5eab77a/resourceGroups/project-rg/providers/Microsoft.Network/networkInterfaces/web-nic"
            ],
            "os_disk": [
              {
                "caching": "ReadWrite",
                "diff_disk_settings": [],
                "disk_encryption_set_id": "",
                "disk_size_gb": 127,
                "name": "web-vm_disk1_c7f5ad6e66004073a28786ebeb08efce",
                "secure_vm_disk_encryption_set_id": "",
                "security_encryption_type": "",
                "storage_account_type": "Standard_LRS",
                "write_accelerator_enabled": false
              }
            ],
            "patch_assessment_mode": "ImageDefault",
            "patch_mode": "AutomaticByOS",
            "plan": [],
            "platform_fault_domain": -1,
            "priority": "Regular",
            "private_ip_address": "10.0.1.4",
            "private_ip_addresses": [
              "10.0.1.4"
            ],
            "provision_vm_agent": true,
            "proximity_placement_group_id": "",
            "public_ip_address": "40.117.193.19",
            "public_ip_addresses": [
              "40.117.193.19"
            ],
            "reboot_setting": "",
            "resource_group_name": "project-rg",
            "secret": [],
            "secure_boot_enabled": false,
            "size": "Standard_D2s_v3",
            "source_image_id": "",
            "source_image_reference": [
              {
                "offer": "WindowsServer",
                "publisher": "MicrosoftWindowsServer",
                "sku": "2019-Datacenter",
                "version": "latest"
              }
            ],
            "tags": {},
            "termination_notification": [],
            "timeouts": null,
            "timezone": "",
            "user_data": "",
            "virtual_machine_id": "52b84384-286b-47ca-98f5-784b298f0610",
            "virtual_machine_scale_set_id": "",
            "vtpm_enabled": false,
            "winrm_listener": [],
            "zone": ""
          },
          "sensitive_attributes": [],
          "private": "eyJlMmJmYjczMC1lY2FhLTExZTYtOGY4OC0zNDM2M2JjN2M0YzAiOnsiY3JlYXRlIjoyNzAwMDAwMDAwMDAwLCJkZWxldGUiOjI3MDAwMDAwMDAwMDAsInJlYWQiOjMwMDAwMDAwMDAwMCwidXBkYXRlIjoyNzAwMDAwMDAwMDAwfX0=",
          "dependencies": [
            "azurerm_network_interface.web-nic",
            "azurerm_public_ip.web-publicIP",
            "module.general.azurerm_resource_group.rg",
            "module.networking.azurerm_subnet.subnets",
            "module.networking.azurerm_virtual_network.v-net",
            "module.networking.module.resource_group.azurerm_resource_group.rg"
          ]
        }
      ]
    },
    {
      "module": "module.app_storage",
      "mode": "managed",
      "type": "azurerm_storage_blob",
      "name": "blobs_binary",
      "provider": "provider[\"registry.terraform.io/hashicorp/azurerm\"]",
      "instances": [
        {
          "index_key": "cotton.jpg",
          "schema_version": 1,
          "attributes": {
            "access_tier": "Hot",
            "cache_control": "",
            "content_md5": "",
            "content_type": "application/octet-stream",
            "id": "https://webstorage001155.blob.core.windows.net/images/cotton.jpg",
            "metadata": {},
            "name": "cotton.jpg",
            "parallelism": 8,
            "size": 0,
            "source": "./images/cotton.jpg",
            "source_content": null,
            "source_uri": null,
            "storage_account_name": "webstorage001155",
            "storage_container_name": "images",
            "timeouts": null,
            "type": "Block",
            "url": "https://webstorage001155.blob.core.windows.net/images/cotton.jpg"
          },
          "sensitive_attributes": [],
          "private": "eyJlMmJmYjczMC1lY2FhLTExZTYtOGY4OC0zNDM2M2JjN2M0YzAiOnsiY3JlYXRlIjoxODAwMDAwMDAwMDAwLCJkZWxldGUiOjE4MDAwMDAwMDAwMDAsInJlYWQiOjMwMDAwMDAwMDAwMCwidXBkYXRlIjoxODAwMDAwMDAwMDAwfSwic2NoZW1hX3ZlcnNpb24iOiIxIn0=",
          "dependencies": [
            "module.app_storage.azurerm_storage_account.storage-account",
            "module.app_storage.azurerm_storage_container.storage-conatiner",
            "module.general.azurerm_resource_group.rg"
          ]
        },
        {
          "index_key": "dark.jpg",
          "schema_version": 1,
          "attributes": {
            "access_tier": "Hot",
            "cache_control": "",
            "content_md5": "",
            "content_type": "application/octet-stream",
            "id": "https://webstorage001155.blob.core.windows.net/images/dark.jpg",
            "metadata": {},
            "name": "dark.jpg",
            "parallelism": 8,
            "size": 0,
            "source": "./images/dark.jpg",
            "source_content": null,
            "source_uri": null,
            "storage_account_name": "webstorage001155",
            "storage_container_name": "images",
            "timeouts": null,
            "type": "Block",
            "url": "https://webstorage001155.blob.core.windows.net/images/dark.jpg"
          },
          "sensitive_attributes": [],
          "private": "eyJlMmJmYjczMC1lY2FhLTExZTYtOGY4OC0zNDM2M2JjN2M0YzAiOnsiY3JlYXRlIjoxODAwMDAwMDAwMDAwLCJkZWxldGUiOjE4MDAwMDAwMDAwMDAsInJlYWQiOjMwMDAwMDAwMDAwMCwidXBkYXRlIjoxODAwMDAwMDAwMDAwfSwic2NoZW1hX3ZlcnNpb24iOiIxIn0=",
          "dependencies": [
            "module.app_storage.azurerm_storage_account.storage-account",
            "module.app_storage.azurerm_storage_container.storage-conatiner",
            "module.general.azurerm_resource_group.rg"
          ]
        },
        {
          "index_key": "fortune.jpg",
          "schema_version": 1,
          "attributes": {
            "access_tier": "Hot",
            "cache_control": "",
            "content_md5": "",
            "content_type": "application/octet-stream",
            "id": "https://webstorage001155.blob.core.windows.net/images/fortune.jpg",
            "metadata": {},
            "name": "fortune.jpg",
            "parallelism": 8,
            "size": 0,
            "source": "./images/fortune.jpg",
            "source_content": null,
            "source_uri": null,
            "storage_account_name": "webstorage001155",
            "storage_container_name": "images",
            "timeouts": null,
            "type": "Block",
            "url": "https://webstorage001155.blob.core.windows.net/images/fortune.jpg"
          },
          "sensitive_attributes": [],
          "private": "eyJlMmJmYjczMC1lY2FhLTExZTYtOGY4OC0zNDM2M2JjN2M0YzAiOnsiY3JlYXRlIjoxODAwMDAwMDAwMDAwLCJkZWxldGUiOjE4MDAwMDAwMDAwMDAsInJlYWQiOjMwMDAwMDAwMDAwMCwidXBkYXRlIjoxODAwMDAwMDAwMDAwfSwic2NoZW1hX3ZlcnNpb24iOiIxIn0=",
          "dependencies": [
            "module.app_storage.azurerm_storage_account.storage-account",
            "module.app_storage.azurerm_storage_container.storage-conatiner",
            "module.general.azurerm_resource_group.rg"
          ]
        },
        {
          "index_key": "rock.jpg",
          "schema_version": 1,
          "attributes": {
            "access_tier": "Hot",
            "cache_control": "",
            "content_md5": "",
            "content_type": "application/octet-stream",
            "id": "https://webstorage001155.blob.core.windows.net/images/rock.jpg",
            "metadata": {},
            "name": "rock.jpg",
            "parallelism": 8,
            "size": 0,
            "source": "./images/rock.jpg",
            "source_content": null,
            "source_uri": null,
            "storage_account_name": "webstorage001155",
            "storage_container_name": "images",
            "timeouts": null,
            "type": "Block",
            "url": "https://webstorage001155.blob.core.windows.net/images/rock.jpg"
          },
          "sensitive_attributes": [],
          "private": "eyJlMmJmYjczMC1lY2FhLTExZTYtOGY4OC0zNDM2M2JjN2M0YzAiOnsiY3JlYXRlIjoxODAwMDAwMDAwMDAwLCJkZWxldGUiOjE4MDAwMDAwMDAwMDAsInJlYWQiOjMwMDAwMDAwMDAwMCwidXBkYXRlIjoxODAwMDAwMDAwMDAwfSwic2NoZW1hX3ZlcnNpb24iOiIxIn0=",
          "dependencies": [
            "module.app_storage.azurerm_storage_account.storage-account",
            "module.app_storage.azurerm_storage_container.storage-conatiner",
            "module.general.azurerm_resource_group.rg"
          ]
        }
      ]
    },
    {
      "module": "module.app_storage",
      "mode": "managed",
      "type": "azurerm_storage_container",
      "name": "storage-conatiner",
      "provider": "provider[\"registry.terraform.io/hashicorp/azurerm\"]",
      "instances": [
        {
          "schema_version": 1,
          "attributes": {
            "container_access_type": "blob",
            "has_immutability_policy": false,
            "has_legal_hold": false,
            "id": "https://webstorage001155.blob.core.windows.net/images",
            "metadata": {},
            "name": "images",
            "resource_manager_id": "/subscriptions/fa1f17e0-aadf-4e9b-a932-ed75c5eab77a/resourceGroups/project-rg/providers/Microsoft.Storage/storageAccounts/webstorage001155/blobServices/default/containers/images",
            "storage_account_name": "webstorage001155",
            "timeouts": null
          },
          "sensitive_attributes": [],
          "private": "eyJlMmJmYjczMC1lY2FhLTExZTYtOGY4OC0zNDM2M2JjN2M0YzAiOnsiY3JlYXRlIjoxODAwMDAwMDAwMDAwLCJkZWxldGUiOjE4MDAwMDAwMDAwMDAsInJlYWQiOjMwMDAwMDAwMDAwMCwidXBkYXRlIjoxODAwMDAwMDAwMDAwfSwic2NoZW1hX3ZlcnNpb24iOiIxIn0=",
          "dependencies": [
            "module.app_storage.azurerm_storage_account.storage-account",
            "module.general.azurerm_resource_group.rg"
          ]
        }
      ]
    },
    {
      "module": "module.compute",
      "mode": "managed",
      "type": "azurerm_network_interface",
      "name": "vm-nic",
      "provider": "provider[\"registry.terraform.io/hashicorp/azurerm\"]",
      "instances": [
        {
          "schema_version": 0,
          "attributes": {
            "applied_dns_servers": [],
            "auxiliary_mode": "",
            "auxiliary_sku": "",
            "dns_servers": [],
            "edge_zone": "",
            "enable_accelerated_networking": false,
            "enable_ip_forwarding": false,
            "id": "/subscriptions/fa1f17e0-aadf-4e9b-a932-ed75c5eab77a/resourceGroups/project-rg/providers/Microsoft.Network/networkInterfaces/db-nic",
            "internal_dns_name_label": "",
            "internal_domain_name_suffix": "xsqeglgtakaunh0zsd0b4zmnbf.bx.internal.cloudapp.net",
            "ip_configuration": [
              {
                "gateway_load_balancer_frontend_ip_configuration_id": "",
                "name": "internal",
                "primary": true,
                "private_ip_address": "10.0.0.4",
                "private_ip_address_allocation": "Dynamic",
                "private_ip_address_version": "IPv4",
                "public_ip_address_id": "",
                "subnet_id": "/subscriptions/fa1f17e0-aadf-4e9b-a932-ed75c5eab77a/resourceGroups/project-rg/providers/Microsoft.Network/virtualNetworks/staging-network/subnets/db-subnet"
              }
            ],
            "location": "eastus",
            "mac_address": "60-45-BD-EF-F5-B9",
            "name": "db-nic",
            "private_ip_address": "10.0.0.4",
            "private_ip_addresses": [
              "10.0.0.4"
            ],
            "resource_group_name": "project-rg",
            "tags": {},
            "timeouts": null,
            "virtual_machine_id": "/subscriptions/fa1f17e0-aadf-4e9b-a932-ed75c5eab77a/resourceGroups/project-rg/providers/Microsoft.Compute/virtualMachines/database-vm"
          },
          "sensitive_attributes": [],
          "private": "eyJlMmJmYjczMC1lY2FhLTExZTYtOGY4OC0zNDM2M2JjN2M0YzAiOnsiY3JlYXRlIjoxODAwMDAwMDAwMDAwLCJkZWxldGUiOjE4MDAwMDAwMDAwMDAsInJlYWQiOjMwMDAwMDAwMDAwMCwidXBkYXRlIjoxODAwMDAwMDAwMDAwfX0=",
          "dependencies": [
            "module.compute.azurerm_public_ip.vm-PublicIP",
            "module.networking.azurerm_bastion_host.bastian_host",
            "module.networking.azurerm_network_security_group.web-nsg",
            "module.networking.azurerm_network_security_rule.network-security-group-rules",
            "module.networking.azurerm_public_ip.bastian_publicIP",
            "module.networking.azurerm_subnet.bastian_subnet",
            "module.networking.azurerm_subnet.subnets",
            "module.networking.azurerm_subnet_network_security_group_association.nsg-subnet-link",
            "module.networking.azurerm_virtual_network.v-net",
            "module.networking.module.resource_group.azurerm_resource_group.rg"
          ]
        }
      ]
    },
    {
      "module": "module.compute",
      "mode": "managed",
      "type": "azurerm_public_ip",
      "name": "vm-PublicIP",
      "provider": "provider[\"registry.terraform.io/hashicorp/azurerm\"]",
      "instances": []
    },
    {
      "module": "module.compute",
      "mode": "managed",
      "type": "azurerm_windows_virtual_machine",
      "name": "vm",
      "provider": "provider[\"registry.terraform.io/hashicorp/azurerm\"]",
      "instances": [
        {
          "schema_version": 0,
          "attributes": {
            "additional_capabilities": [],
            "additional_unattend_content": [],
            "admin_password": "Password@123",
            "admin_username": "adminuser",
            "allow_extension_operations": true,
            "availability_set_id": "",
            "boot_diagnostics": [],
            "bypass_platform_safety_checks_on_user_schedule_enabled": false,
            "capacity_reservation_group_id": "",
            "computer_name": "database-vm",
            "custom_data": null,
            "dedicated_host_group_id": "",
            "dedicated_host_id": "",
            "edge_zone": "",
            "enable_automatic_updates": true,
            "encryption_at_host_enabled": false,
            "eviction_policy": "",
            "extensions_time_budget": "PT1H30M",
            "gallery_application": [],
            "hotpatching_enabled": false,
            "id": "/subscriptions/fa1f17e0-aadf-4e9b-a932-ed75c5eab77a/resourceGroups/project-rg/providers/Microsoft.Compute/virtualMachines/database-vm",
            "identity": [],
            "license_type": "",
            "location": "eastus",
            "max_bid_price": -1,
            "name": "database-vm",
            "network_interface_ids": [
              "/subscriptions/fa1f17e0-aadf-4e9b-a932-ed75c5eab77a/resourceGroups/project-rg/providers/Microsoft.Network/networkInterfaces/db-nic"
            ],
            "os_disk": [
              {
                "caching": "ReadWrite",
                "diff_disk_settings": [],
                "disk_encryption_set_id": "",
                "disk_size_gb": 127,
                "name": "database-vm_OsDisk_1_44d90abd717d4f57a07fd4e7a1fd1924",
                "secure_vm_disk_encryption_set_id": "",
                "security_encryption_type": "",
                "storage_account_type": "Standard_LRS",
                "write_accelerator_enabled": false
              }
            ],
            "patch_assessment_mode": "ImageDefault",
            "patch_mode": "AutomaticByOS",
            "plan": [],
            "platform_fault_domain": -1,
            "priority": "Regular",
            "private_ip_address": "10.0.0.4",
            "private_ip_addresses": [
              "10.0.0.4"
            ],
            "provision_vm_agent": true,
            "proximity_placement_group_id": "",
            "public_ip_address": "",
            "public_ip_addresses": [],
            "reboot_setting": "",
            "resource_group_name": "project-rg",
            "secret": [],
            "secure_boot_enabled": false,
            "size": "Standard_D2s_v3",
            "source_image_id": "",
            "source_image_reference": [
              {
                "offer": "sql2019-ws2019",
                "publisher": "MicrosoftSQLServer",
                "sku": "sqldev",
                "version": "15.0.220510"
              }
            ],
            "tags": {},
            "termination_notification": [],
            "timeouts": null,
            "timezone": "",
            "user_data": "",
            "virtual_machine_id": "1062a8fd-50ad-4d88-a9e4-8f48d15868eb",
            "virtual_machine_scale_set_id": "",
            "vtpm_enabled": false,
            "winrm_listener": [],
            "zone": ""
          },
          "sensitive_attributes": [],
          "private": "eyJlMmJmYjczMC1lY2FhLTExZTYtOGY4OC0zNDM2M2JjN2M0YzAiOnsiY3JlYXRlIjoyNzAwMDAwMDAwMDAwLCJkZWxldGUiOjI3MDAwMDAwMDAwMDAsInJlYWQiOjMwMDAwMDAwMDAwMCwidXBkYXRlIjoyNzAwMDAwMDAwMDAwfX0=",
          "dependencies": [
            "module.compute.azurerm_network_interface.vm-nic",
            "module.compute.azurerm_public_ip.vm-PublicIP",
            "module.networking.azurerm_bastion_host.bastian_host",
            "module.networking.azurerm_network_security_group.web-nsg",
            "module.networking.azurerm_network_security_rule.network-security-group-rules",
            "module.networking.azurerm_public_ip.bastian_publicIP",
            "module.networking.azurerm_subnet.bastian_subnet",
            "module.networking.azurerm_subnet.subnets",
            "module.networking.azurerm_subnet_network_security_group_association.nsg-subnet-link",
            "module.networking.azurerm_virtual_network.v-net",
            "module.networking.module.resource_group.azurerm_resource_group.rg"
          ]
        }
      ]
    },
    {
      "module": "module.general",
      "mode": "managed",
      "type": "azurerm_resource_group",
      "name": "rg",
      "provider": "provider[\"registry.terraform.io/hashicorp/azurerm\"]",
      "instances": [
        {
          "schema_version": 0,
          "attributes": {
            "id": "/subscriptions/fa1f17e0-aadf-4e9b-a932-ed75c5eab77a/resourceGroups/project-rg",
            "location": "eastus",
            "managed_by": "",
            "name": "project-rg",
            "tags": {},
            "timeouts": null
          },
          "sensitive_attributes": [],
          "private": "eyJlMmJmYjczMC1lY2FhLTExZTYtOGY4OC0zNDM2M2JjN2M0YzAiOnsiY3JlYXRlIjo1NDAwMDAwMDAwMDAwLCJkZWxldGUiOjU0MDAwMDAwMDAwMDAsInJlYWQiOjMwMDAwMDAwMDAwMCwidXBkYXRlIjo1NDAwMDAwMDAwMDAwfX0="
        }
      ]
    },
    {
      "module": "module.networking",
      "mode": "managed",
      "type": "azurerm_bastion_host",
      "name": "bastian_host",
      "provider": "provider[\"registry.terraform.io/hashicorp/azurerm\"]",
      "instances": [
        {
          "index_key": 0,
          "schema_version": 0,
          "attributes": {
            "copy_paste_enabled": true,
            "dns_name": "bst-722532e0-626e-4cb5-baa1-4d2840dcfbe8.bastion.azure.com",
            "file_copy_enabled": false,
            "id": "/subscriptions/fa1f17e0-aadf-4e9b-a932-ed75c5eab77a/resourceGroups/project-rg/providers/Microsoft.Network/bastionHosts/app-bastion",
            "ip_configuration": [
              {
                "name": "bastian-ip-configuration",
                "public_ip_address_id": "/subscriptions/fa1f17e0-aadf-4e9b-a932-ed75c5eab77a/resourceGroups/project-rg/providers/Microsoft.Network/publicIPAddresses/bastian_ip",
                "subnet_id": "/subscriptions/fa1f17e0-aadf-4e9b-a932-ed75c5eab77a/resourceGroups/project-rg/providers/Microsoft.Network/virtualNetworks/staging-network/subnets/AzureBastionSubnet"
              }
            ],
            "ip_connect_enabled": false,
            "location": "eastus",
            "name": "app-bastion",
            "resource_group_name": "project-rg",
            "scale_units": 2,
            "shareable_link_enabled": false,
            "sku": "Basic",
            "tags": {},
            "timeouts": null,
            "tunneling_enabled": false
          },
          "sensitive_attributes": [],
          "private": "eyJlMmJmYjczMC1lY2FhLTExZTYtOGY4OC0zNDM2M2JjN2M0YzAiOnsiY3JlYXRlIjoxODAwMDAwMDAwMDAwLCJkZWxldGUiOjE4MDAwMDAwMDAwMDAsInJlYWQiOjMwMDAwMDAwMDAwMCwidXBkYXRlIjoxODAwMDAwMDAwMDAwfX0=",
          "dependencies": [
            "module.networking.azurerm_public_ip.bastian_publicIP",
            "module.networking.azurerm_subnet.bastian_subnet",
            "module.networking.azurerm_virtual_network.v-net",
            "module.networking.module.resource_group.azurerm_resource_group.rg"
          ]
        }
      ]
    },
    {
      "module": "module.networking",
      "mode": "managed",
      "type": "azurerm_network_security_group",
      "name": "web-nsg",
      "provider": "provider[\"registry.terraform.io/hashicorp/azurerm\"]",
      "instances": [
        {
          "index_key": "db-nsg",
          "schema_version": 0,
          "attributes": {
            "id": "/subscriptions/fa1f17e0-aadf-4e9b-a932-ed75c5eab77a/resourceGroups/project-rg/providers/Microsoft.Network/networkSecurityGroups/db-nsg",
            "location": "eastus",
            "name": "db-nsg",
            "resource_group_name": "project-rg",
            "security_rule": [
              {
                "access": "Allow",
                "description": "",
                "destination_address_prefix": "*",
                "destination_address_prefixes": [],
                "destination_application_security_group_ids": [],
                "destination_port_range": "3389",
                "destination_port_ranges": [],
                "direction": "Inbound",
                "name": "Allow-3389",
                "priority": 200,
                "protocol": "Tcp",
                "source_address_prefix": "*",
                "source_address_prefixes": [],
                "source_application_security_group_ids": [],
                "source_port_range": "*",
                "source_port_ranges": []
              }
            ],
            "tags": {},
            "timeouts": null
          },
          "sensitive_attributes": [],
          "private": "eyJlMmJmYjczMC1lY2FhLTExZTYtOGY4OC0zNDM2M2JjN2M0YzAiOnsiY3JlYXRlIjoxODAwMDAwMDAwMDAwLCJkZWxldGUiOjE4MDAwMDAwMDAwMDAsInJlYWQiOjMwMDAwMDAwMDAwMCwidXBkYXRlIjoxODAwMDAwMDAwMDAwfX0=",
          "dependencies": [
            "module.networking.module.resource_group.azurerm_resource_group.rg"
          ]
        },
        {
          "index_key": "web-nsg",
          "schema_version": 0,
          "attributes": {
            "id": "/subscriptions/fa1f17e0-aadf-4e9b-a932-ed75c5eab77a/resourceGroups/project-rg/providers/Microsoft.Network/networkSecurityGroups/web-nsg",
            "location": "eastus",
            "name": "web-nsg",
            "resource_group_name": "project-rg",
            "security_rule": [
              {
                "access": "Allow",
                "description": "",
                "destination_address_prefix": "*",
                "destination_address_prefixes": [],
                "destination_application_security_group_ids": [],
                "destination_port_range": "3389",
                "destination_port_ranges": [],
                "direction": "Inbound",
                "name": "Allow-3389",
                "priority": 200,
                "protocol": "Tcp",
                "source_address_prefix": "*",
                "source_address_prefixes": [],
                "source_application_security_group_ids": [],
                "source_port_range": "*",
                "source_port_ranges": []
              },
              {
                "access": "Allow",
                "description": "",
                "destination_address_prefix": "*",
                "destination_address_prefixes": [],
                "destination_application_security_group_ids": [],
                "destination_port_range": "80",
                "destination_port_ranges": [],
                "direction": "Inbound",
                "name": "Allow-80",
                "priority": 300,
                "protocol": "Tcp",
                "source_address_prefix": "*",
                "source_address_prefixes": [],
                "source_application_security_group_ids": [],
                "source_port_range": "*",
                "source_port_ranges": []
              },
              {
                "access": "Allow",
                "description": "",
                "destination_address_prefix": "*",
                "destination_address_prefixes": [],
                "destination_application_security_group_ids": [],
                "destination_port_range": "8172",
                "destination_port_ranges": [],
                "direction": "Inbound",
                "name": "Allow-8172",
                "priority": 400,
                "protocol": "Tcp",
                "source_address_prefix": "*",
                "source_address_prefixes": [],
                "source_application_security_group_ids": [],
                "source_port_range": "*",
                "source_port_ranges": []
              }
            ],
            "tags": {},
            "timeouts": null
          },
          "sensitive_attributes": [],
          "private": "eyJlMmJmYjczMC1lY2FhLTExZTYtOGY4OC0zNDM2M2JjN2M0YzAiOnsiY3JlYXRlIjoxODAwMDAwMDAwMDAwLCJkZWxldGUiOjE4MDAwMDAwMDAwMDAsInJlYWQiOjMwMDAwMDAwMDAwMCwidXBkYXRlIjoxODAwMDAwMDAwMDAwfX0=",
          "dependencies": [
            "module.networking.module.resource_group.azurerm_resource_group.rg"
          ]
        }
      ]
    },
    {
      "module": "module.networking",
      "mode": "managed",
      "type": "azurerm_network_security_rule",
      "name": "network-security-group-rules",
      "provider": "provider[\"registry.terraform.io/hashicorp/azurerm\"]",
      "instances": [
        {
          "index_key": "1",
          "schema_version": 0,
          "attributes": {
            "access": "Allow",
            "description": "",
            "destination_address_prefix": "*",
            "destination_address_prefixes": [],
            "destination_application_security_group_ids": [],
            "destination_port_range": "3389",
            "destination_port_ranges": [],
            "direction": "Inbound",
            "id": "/subscriptions/fa1f17e0-aadf-4e9b-a932-ed75c5eab77a/resourceGroups/project-rg/providers/Microsoft.Network/networkSecurityGroups/web-nsg/securityRules/Allow-3389",
            "name": "Allow-3389",
            "network_security_group_name": "web-nsg",
            "priority": 200,
            "protocol": "Tcp",
            "resource_group_name": "project-rg",
            "source_address_prefix": "*",
            "source_address_prefixes": [],
            "source_application_security_group_ids": [],
            "source_port_range": "*",
            "source_port_ranges": [],
            "timeouts": null
          },
          "sensitive_attributes": [],
          "private": "eyJlMmJmYjczMC1lY2FhLTExZTYtOGY4OC0zNDM2M2JjN2M0YzAiOnsiY3JlYXRlIjoxODAwMDAwMDAwMDAwLCJkZWxldGUiOjE4MDAwMDAwMDAwMDAsInJlYWQiOjMwMDAwMDAwMDAwMCwidXBkYXRlIjoxODAwMDAwMDAwMDAwfX0=",
          "dependencies": [
            "module.networking.azurerm_network_security_group.web-nsg",
            "module.networking.module.resource_group.azurerm_resource_group.rg"
          ]
        },
        {
          "index_key": "2",
          "schema_version": 0,
          "attributes": {
            "access": "Allow",
            "description": "",
            "destination_address_prefix": "*",
            "destination_address_prefixes": [],
            "destination_application_security_group_ids": [],
            "destination_port_range": "80",
            "destination_port_ranges": [],
            "direction": "Inbound",
            "id": "/subscriptions/fa1f17e0-aadf-4e9b-a932-ed75c5eab77a/resourceGroups/project-rg/providers/Microsoft.Network/networkSecurityGroups/web-nsg/securityRules/Allow-80",
            "name": "Allow-80",
            "network_security_group_name": "web-nsg",
            "priority": 300,
            "protocol": "Tcp",
            "resource_group_name": "project-rg",
            "source_address_prefix": "*",
            "source_address_prefixes": [],
            "source_application_security_group_ids": [],
            "source_port_range": "*",
            "source_port_ranges": [],
            "timeouts": null
          },
          "sensitive_attributes": [],
          "private": "eyJlMmJmYjczMC1lY2FhLTExZTYtOGY4OC0zNDM2M2JjN2M0YzAiOnsiY3JlYXRlIjoxODAwMDAwMDAwMDAwLCJkZWxldGUiOjE4MDAwMDAwMDAwMDAsInJlYWQiOjMwMDAwMDAwMDAwMCwidXBkYXRlIjoxODAwMDAwMDAwMDAwfX0=",
          "dependencies": [
            "module.networking.azurerm_network_security_group.web-nsg",
            "module.networking.module.resource_group.azurerm_resource_group.rg"
          ]
        },
        {
          "index_key": "3",
          "schema_version": 0,
          "attributes": {
            "access": "Allow",
            "description": "",
            "destination_address_prefix": "*",
            "destination_address_prefixes": [],
            "destination_application_security_group_ids": [],
            "destination_port_range": "8172",
            "destination_port_ranges": [],
            "direction": "Inbound",
            "id": "/subscriptions/fa1f17e0-aadf-4e9b-a932-ed75c5eab77a/resourceGroups/project-rg/providers/Microsoft.Network/networkSecurityGroups/web-nsg/securityRules/Allow-8172",
            "name": "Allow-8172",
            "network_security_group_name": "web-nsg",
            "priority": 400,
            "protocol": "Tcp",
            "resource_group_name": "project-rg",
            "source_address_prefix": "*",
            "source_address_prefixes": [],
            "source_application_security_group_ids": [],
            "source_port_range": "*",
            "source_port_ranges": [],
            "timeouts": null
          },
          "sensitive_attributes": [],
          "private": "eyJlMmJmYjczMC1lY2FhLTExZTYtOGY4OC0zNDM2M2JjN2M0YzAiOnsiY3JlYXRlIjoxODAwMDAwMDAwMDAwLCJkZWxldGUiOjE4MDAwMDAwMDAwMDAsInJlYWQiOjMwMDAwMDAwMDAwMCwidXBkYXRlIjoxODAwMDAwMDAwMDAwfX0=",
          "dependencies": [
            "module.networking.azurerm_network_security_group.web-nsg",
            "module.networking.module.resource_group.azurerm_resource_group.rg"
          ]
        },
        {
          "index_key": "4",
          "schema_version": 0,
          "attributes": {
            "access": "Allow",
            "description": "",
            "destination_address_prefix": "*",
            "destination_address_prefixes": [],
            "destination_application_security_group_ids": [],
            "destination_port_range": "3389",
            "destination_port_ranges": [],
            "direction": "Inbound",
            "id": "/subscriptions/fa1f17e0-aadf-4e9b-a932-ed75c5eab77a/resourceGroups/project-rg/providers/Microsoft.Network/networkSecurityGroups/db-nsg/securityRules/Allow-3389",
            "name": "Allow-3389",
            "network_security_group_name": "db-nsg",
            "priority": 200,
            "protocol": "Tcp",
            "resource_group_name": "project-rg",
            "source_address_prefix": "*",
            "source_address_prefixes": [],
            "source_application_security_group_ids": [],
            "source_port_range": "*",
            "source_port_ranges": [],
            "timeouts": null
          },
          "sensitive_attributes": [],
          "private": "eyJlMmJmYjczMC1lY2FhLTExZTYtOGY4OC0zNDM2M2JjN2M0YzAiOnsiY3JlYXRlIjoxODAwMDAwMDAwMDAwLCJkZWxldGUiOjE4MDAwMDAwMDAwMDAsInJlYWQiOjMwMDAwMDAwMDAwMCwidXBkYXRlIjoxODAwMDAwMDAwMDAwfX0=",
          "dependencies": [
            "module.networking.azurerm_network_security_group.web-nsg",
            "module.networking.module.resource_group.azurerm_resource_group.rg"
          ]
        }
      ]
    },
    {
      "module": "module.networking",
      "mode": "managed",
      "type": "azurerm_public_ip",
      "name": "bastian_publicIP",
      "provider": "provider[\"registry.terraform.io/hashicorp/azurerm\"]",
      "instances": [
        {
          "index_key": 0,
          "schema_version": 0,
          "attributes": {
            "allocation_method": "Static",
            "ddos_protection_mode": "VirtualNetworkInherited",
            "ddos_protection_plan_id": null,
            "domain_name_label": null,
            "edge_zone": "",
            "fqdn": null,
            "id": "/subscriptions/fa1f17e0-aadf-4e9b-a932-ed75c5eab77a/resourceGroups/project-rg/providers/Microsoft.Network/publicIPAddresses/bastian_ip",
            "idle_timeout_in_minutes": 4,
            "ip_address": "23.96.49.32",
            "ip_tags": {},
            "ip_version": "IPv4",
            "location": "eastus",
            "name": "bastian_ip",
            "public_ip_prefix_id": null,
            "resource_group_name": "project-rg",
            "reverse_fqdn": null,
            "sku": "Standard",
            "sku_tier": "Regional",
            "tags": {},
            "timeouts": null,
            "zones": []
          },
          "sensitive_attributes": [],
          "private": "eyJlMmJmYjczMC1lY2FhLTExZTYtOGY4OC0zNDM2M2JjN2M0YzAiOnsiY3JlYXRlIjoxODAwMDAwMDAwMDAwLCJkZWxldGUiOjE4MDAwMDAwMDAwMDAsInJlYWQiOjMwMDAwMDAwMDAwMCwidXBkYXRlIjoxODAwMDAwMDAwMDAwfX0=",
          "dependencies": [
            "module.networking.module.resource_group.azurerm_resource_group.rg"
          ]
        }
      ]
    },
    {
      "module": "module.networking",
      "mode": "managed",
      "type": "azurerm_subnet",
      "name": "bastian_subnet",
      "provider": "provider[\"registry.terraform.io/hashicorp/azurerm\"]",
      "instances": [
        {
          "index_key": 0,
          "schema_version": 0,
          "attributes": {
            "address_prefixes": [
              "10.0.10.0/24"
            ],
            "delegation": [],
            "enforce_private_link_endpoint_network_policies": false,
            "enforce_private_link_service_network_policies": false,
            "id": "/subscriptions/fa1f17e0-aadf-4e9b-a932-ed75c5eab77a/resourceGroups/project-rg/providers/Microsoft.Network/virtualNetworks/staging-network/subnets/AzureBastionSubnet",
            "name": "AzureBastionSubnet",
            "private_endpoint_network_policies_enabled": true,
            "private_link_service_network_policies_enabled": true,
            "resource_group_name": "project-rg",
            "service_endpoint_policy_ids": [],
            "service_endpoints": [],
            "timeouts": null,
            "virtual_network_name": "staging-network"
          },
          "sensitive_attributes": [],
          "private": "eyJlMmJmYjczMC1lY2FhLTExZTYtOGY4OC0zNDM2M2JjN2M0YzAiOnsiY3JlYXRlIjoxODAwMDAwMDAwMDAwLCJkZWxldGUiOjE4MDAwMDAwMDAwMDAsInJlYWQiOjMwMDAwMDAwMDAwMCwidXBkYXRlIjoxODAwMDAwMDAwMDAwfX0=",
          "dependencies": [
            "module.networking.azurerm_virtual_network.v-net",
            "module.networking.module.resource_group.azurerm_resource_group.rg"
          ]
        }
      ]
    },
    {
      "module": "module.networking",
      "mode": "managed",
      "type": "azurerm_subnet",
      "name": "subnets",
      "provider": "provider[\"registry.terraform.io/hashicorp/azurerm\"]",
      "instances": [
        {
          "index_key": "db-subnet",
          "schema_version": 0,
          "attributes": {
            "address_prefixes": [
              "10.0.0.0/24"
            ],
            "delegation": [],
            "enforce_private_link_endpoint_network_policies": false,
            "enforce_private_link_service_network_policies": false,
            "id": "/subscriptions/fa1f17e0-aadf-4e9b-a932-ed75c5eab77a/resourceGroups/project-rg/providers/Microsoft.Network/virtualNetworks/staging-network/subnets/db-subnet",
            "name": "db-subnet",
            "private_endpoint_network_policies_enabled": true,
            "private_link_service_network_policies_enabled": true,
            "resource_group_name": "project-rg",
            "service_endpoint_policy_ids": [],
            "service_endpoints": [],
            "timeouts": null,
            "virtual_network_name": "staging-network"
          },
          "sensitive_attributes": [],
          "private": "eyJlMmJmYjczMC1lY2FhLTExZTYtOGY4OC0zNDM2M2JjN2M0YzAiOnsiY3JlYXRlIjoxODAwMDAwMDAwMDAwLCJkZWxldGUiOjE4MDAwMDAwMDAwMDAsInJlYWQiOjMwMDAwMDAwMDAwMCwidXBkYXRlIjoxODAwMDAwMDAwMDAwfX0=",
          "dependencies": [
            "module.networking.azurerm_virtual_network.v-net",
            "module.networking.module.resource_group.azurerm_resource_group.rg"
          ]
        },
        {
          "index_key": "web-subnet",
          "schema_version": 0,
          "attributes": {
            "address_prefixes": [
              "10.0.1.0/24"
            ],
            "delegation": [],
            "enforce_private_link_endpoint_network_policies": false,
            "enforce_private_link_service_network_policies": false,
            "id": "/subscriptions/fa1f17e0-aadf-4e9b-a932-ed75c5eab77a/resourceGroups/project-rg/providers/Microsoft.Network/virtualNetworks/staging-network/subnets/web-subnet",
            "name": "web-subnet",
            "private_endpoint_network_policies_enabled": true,
            "private_link_service_network_policies_enabled": true,
            "resource_group_name": "project-rg",
            "service_endpoint_policy_ids": [],
            "service_endpoints": [],
            "timeouts": null,
            "virtual_network_name": "staging-network"
          },
          "sensitive_attributes": [],
          "private": "eyJlMmJmYjczMC1lY2FhLTExZTYtOGY4OC0zNDM2M2JjN2M0YzAiOnsiY3JlYXRlIjoxODAwMDAwMDAwMDAwLCJkZWxldGUiOjE4MDAwMDAwMDAwMDAsInJlYWQiOjMwMDAwMDAwMDAwMCwidXBkYXRlIjoxODAwMDAwMDAwMDAwfX0=",
          "dependencies": [
            "module.networking.azurerm_virtual_network.v-net",
            "module.networking.module.resource_group.azurerm_resource_group.rg"
          ]
        }
      ]
    },
    {
      "module": "module.networking",
      "mode": "managed",
      "type": "azurerm_subnet_network_security_group_association",
      "name": "nsg-subnet-link",
      "provider": "provider[\"registry.terraform.io/hashicorp/azurerm\"]",
      "instances": [
        {
          "index_key": "db-nsg",
          "schema_version": 0,
          "attributes": {
            "id": "/subscriptions/fa1f17e0-aadf-4e9b-a932-ed75c5eab77a/resourceGroups/project-rg/providers/Microsoft.Network/virtualNetworks/staging-network/subnets/db-subnet",
            "network_security_group_id": "/subscriptions/fa1f17e0-aadf-4e9b-a932-ed75c5eab77a/resourceGroups/project-rg/providers/Microsoft.Network/networkSecurityGroups/db-nsg",
            "subnet_id": "/subscriptions/fa1f17e0-aadf-4e9b-a932-ed75c5eab77a/resourceGroups/project-rg/providers/Microsoft.Network/virtualNetworks/staging-network/subnets/db-subnet",
            "timeouts": null
          },
          "sensitive_attributes": [],
          "private": "eyJlMmJmYjczMC1lY2FhLTExZTYtOGY4OC0zNDM2M2JjN2M0YzAiOnsiY3JlYXRlIjoxODAwMDAwMDAwMDAwLCJkZWxldGUiOjE4MDAwMDAwMDAwMDAsInJlYWQiOjMwMDAwMDAwMDAwMH19",
          "dependencies": [
            "module.networking.azurerm_network_security_group.web-nsg",
            "module.networking.azurerm_subnet.subnets",
            "module.networking.azurerm_virtual_network.v-net",
            "module.networking.module.resource_group.azurerm_resource_group.rg"
          ]
        },
        {
          "index_key": "web-nsg",
          "schema_version": 0,
          "attributes": {
            "id": "/subscriptions/fa1f17e0-aadf-4e9b-a932-ed75c5eab77a/resourceGroups/project-rg/providers/Microsoft.Network/virtualNetworks/staging-network/subnets/web-subnet",
            "network_security_group_id": "/subscriptions/fa1f17e0-aadf-4e9b-a932-ed75c5eab77a/resourceGroups/project-rg/providers/Microsoft.Network/networkSecurityGroups/web-nsg",
            "subnet_id": "/subscriptions/fa1f17e0-aadf-4e9b-a932-ed75c5eab77a/resourceGroups/project-rg/providers/Microsoft.Network/virtualNetworks/staging-network/subnets/web-subnet",
            "timeouts": null
          },
          "sensitive_attributes": [],
          "private": "eyJlMmJmYjczMC1lY2FhLTExZTYtOGY4OC0zNDM2M2JjN2M0YzAiOnsiY3JlYXRlIjoxODAwMDAwMDAwMDAwLCJkZWxldGUiOjE4MDAwMDAwMDAwMDAsInJlYWQiOjMwMDAwMDAwMDAwMH19",
          "dependencies": [
            "module.networking.azurerm_network_security_group.web-nsg",
            "module.networking.azurerm_subnet.subnets",
            "module.networking.azurerm_virtual_network.v-net",
            "module.networking.module.resource_group.azurerm_resource_group.rg"
          ]
        }
      ]
    },
    {
      "module": "module.networking",
      "mode": "managed",
      "type": "azurerm_virtual_network",
      "name": "v-net",
      "provider": "provider[\"registry.terraform.io/hashicorp/azurerm\"]",
      "instances": [
        {
          "schema_version": 0,
          "attributes": {
            "address_space": [
              "10.0.0.0/16"
            ],
            "bgp_community": "",
            "ddos_protection_plan": [],
            "dns_servers": [],
            "edge_zone": "",
            "encryption": [],
            "flow_timeout_in_minutes": 0,
            "guid": "2c43a0bc-02d3-4681-9f59-90f41f658d0d",
            "id": "/subscriptions/fa1f17e0-aadf-4e9b-a932-ed75c5eab77a/resourceGroups/project-rg/providers/Microsoft.Network/virtualNetworks/staging-network",
            "location": "eastus",
            "name": "staging-network",
            "resource_group_name": "project-rg",
            "subnet": [
              {
                "address_prefix": "10.0.0.0/24",
                "id": "/subscriptions/fa1f17e0-aadf-4e9b-a932-ed75c5eab77a/resourceGroups/project-rg/providers/Microsoft.Network/virtualNetworks/staging-network/subnets/db-subnet",
                "name": "db-subnet",
                "security_group": "/subscriptions/fa1f17e0-aadf-4e9b-a932-ed75c5eab77a/resourceGroups/project-rg/providers/Microsoft.Network/networkSecurityGroups/db-nsg"
              },
              {
                "address_prefix": "10.0.1.0/24",
                "id": "/subscriptions/fa1f17e0-aadf-4e9b-a932-ed75c5eab77a/resourceGroups/project-rg/providers/Microsoft.Network/virtualNetworks/staging-network/subnets/web-subnet",
                "name": "web-subnet",
                "security_group": "/subscriptions/fa1f17e0-aadf-4e9b-a932-ed75c5eab77a/resourceGroups/project-rg/providers/Microsoft.Network/networkSecurityGroups/web-nsg"
              },
              {
                "address_prefix": "10.0.10.0/24",
                "id": "/subscriptions/fa1f17e0-aadf-4e9b-a932-ed75c5eab77a/resourceGroups/project-rg/providers/Microsoft.Network/virtualNetworks/staging-network/subnets/AzureBastionSubnet",
                "name": "AzureBastionSubnet",
                "security_group": ""
              }
            ],
            "tags": {},
            "timeouts": null
          },
          "sensitive_attributes": [],
          "private": "eyJlMmJmYjczMC1lY2FhLTExZTYtOGY4OC0zNDM2M2JjN2M0YzAiOnsiY3JlYXRlIjoxODAwMDAwMDAwMDAwLCJkZWxldGUiOjE4MDAwMDAwMDAwMDAsInJlYWQiOjMwMDAwMDAwMDAwMCwidXBkYXRlIjoxODAwMDAwMDAwMDAwfX0=",
          "dependencies": [
            "module.networking.module.resource_group.azurerm_resource_group.rg"
          ]
        }
      ]
    },
    {
      "module": "module.networking.module.resource_group",
      "mode": "managed",
      "type": "azurerm_resource_group",
      "name": "rg",
      "provider": "provider[\"registry.terraform.io/hashicorp/azurerm\"]",
      "instances": [
        {
          "schema_version": 0,
          "attributes": {
            "id": "/subscriptions/fa1f17e0-aadf-4e9b-a932-ed75c5eab77a/resourceGroups/project-rg",
            "location": "eastus",
            "managed_by": "",
            "name": "project-rg",
            "tags": {},
            "timeouts": null
          },
          "sensitive_attributes": [],
          "private": "eyJlMmJmYjczMC1lY2FhLTExZTYtOGY4OC0zNDM2M2JjN2M0YzAiOnsiY3JlYXRlIjo1NDAwMDAwMDAwMDAwLCJkZWxldGUiOjU0MDAwMDAwMDAwMDAsInJlYWQiOjMwMDAwMDAwMDAwMCwidXBkYXRlIjo1NDAwMDAwMDAwMDAwfX0="
        }
      ]
    },
    {
      "module": "module.storage",
      "mode": "managed",
      "type": "azurerm_storage_account",
      "name": "storage-account",
      "provider": "provider[\"registry.terraform.io/hashicorp/azurerm\"]",
      "instances": [
        {
          "index_key": 0,
          "schema_version": 4,
          "attributes": {
            "access_tier": "Hot",
            "account_kind": "StorageV2",
            "account_replication_type": "LRS",
            "account_tier": "Standard",
            "allow_nested_items_to_be_public": true,
            "allowed_copy_scope": "",
            "azure_files_authentication": [],
            "blob_properties": [
              {
                "change_feed_enabled": false,
                "change_feed_retention_in_days": 0,
                "container_delete_retention_policy": [],
                "cors_rule": [],
                "default_service_version": "",
                "delete_retention_policy": [],
                "last_access_time_enabled": false,
                "restore_policy": [],
                "versioning_enabled": false
              }
            ],
            "cross_tenant_replication_enabled": true,
            "custom_domain": [],
            "customer_managed_key": [],
            "default_to_oauth_authentication": false,
            "edge_zone": "",
            "enable_https_traffic_only": true,
            "id": "/subscriptions/fa1f17e0-aadf-4e9b-a932-ed75c5eab77a/resourceGroups/project-rg/providers/Microsoft.Storage/storageAccounts/webstorage001155",
            "identity": [],
            "immutability_policy": [],
            "infrastructure_encryption_enabled": false,
            "is_hns_enabled": false,
            "large_file_share_enabled": null,
            "local_user_enabled": true,
            "location": "eastus",
            "min_tls_version": "TLS1_2",
            "name": "webstorage001155",
            "network_rules": [
              {
                "bypass": [
                  "AzureServices"
                ],
                "default_action": "Allow",
                "ip_rules": [],
                "private_link_access": [],
                "virtual_network_subnet_ids": []
              }
            ],
            "nfsv3_enabled": false,
            "primary_access_key": "PHL+lEX2aLKNol8FPK1/0gEp1voqUKtrlpxFm+QjDBLhokkeuEQT1wWb75jUPzIRDrGFCDFGhDSq+AStjATKaw==",
            "primary_blob_connection_string": "DefaultEndpointsProtocol=https;BlobEndpoint=https://webstorage001155.blob.core.windows.net/;AccountName=webstorage001155;AccountKey=PHL+lEX2aLKNol8FPK1/0gEp1voqUKtrlpxFm+QjDBLhokkeuEQT1wWb75jUPzIRDrGFCDFGhDSq+AStjATKaw==",
            "primary_blob_endpoint": "https://webstorage001155.blob.core.windows.net/",
            "primary_blob_host": "webstorage001155.blob.core.windows.net",
            "primary_blob_internet_endpoint": null,
            "primary_blob_internet_host": null,
            "primary_blob_microsoft_endpoint": null,
            "primary_blob_microsoft_host": null,
            "primary_connection_string": "DefaultEndpointsProtocol=https;AccountName=webstorage001155;AccountKey=PHL+lEX2aLKNol8FPK1/0gEp1voqUKtrlpxFm+QjDBLhokkeuEQT1wWb75jUPzIRDrGFCDFGhDSq+AStjATKaw==;EndpointSuffix=core.windows.net",
            "primary_dfs_endpoint": "https://webstorage001155.dfs.core.windows.net/",
            "primary_dfs_host": "webstorage001155.dfs.core.windows.net",
            "primary_dfs_internet_endpoint": null,
            "primary_dfs_internet_host": null,
            "primary_dfs_microsoft_endpoint": null,
            "primary_dfs_microsoft_host": null,
            "primary_file_endpoint": "https://webstorage001155.file.core.windows.net/",
            "primary_file_host": "webstorage001155.file.core.windows.net",
            "primary_file_internet_endpoint": null,
            "primary_file_internet_host": null,
            "primary_file_microsoft_endpoint": null,
            "primary_file_microsoft_host": null,
            "primary_location": "eastus",
            "primary_queue_endpoint": "https://webstorage001155.queue.core.windows.net/",
            "primary_queue_host": "webstorage001155.queue.core.windows.net",
            "primary_queue_microsoft_endpoint": null,
            "primary_queue_microsoft_host": null,
            "primary_table_endpoint": "https://webstorage001155.table.core.windows.net/",
            "primary_table_host": "webstorage001155.table.core.windows.net",
            "primary_table_microsoft_endpoint": null,
            "primary_table_microsoft_host": null,
            "primary_web_endpoint": "https://webstorage001155.z13.web.core.windows.net/",
            "primary_web_host": "webstorage001155.z13.web.core.windows.net",
            "primary_web_internet_endpoint": null,
            "primary_web_internet_host": null,
            "primary_web_microsoft_endpoint": null,
            "primary_web_microsoft_host": null,
            "public_network_access_enabled": true,
            "queue_encryption_key_type": "Service",
            "queue_properties": [
              {
                "cors_rule": [],
                "hour_metrics": [
                  {
                    "enabled": true,
                    "include_apis": true,
                    "retention_policy_days": 7,
                    "version": "1.0"
                  }
                ],
                "logging": [
                  {
                    "delete": false,
                    "read": false,
                    "retention_policy_days": 0,
                    "version": "1.0",
                    "write": false
                  }
                ],
                "minute_metrics": [
                  {
                    "enabled": false,
                    "include_apis": false,
                    "retention_policy_days": 0,
                    "version": "1.0"
                  }
                ]
              }
            ],
            "resource_group_name": "project-rg",
            "routing": [],
            "sas_policy": [],
            "secondary_access_key": "WdanS1rKAhkihTF6x3epw9SWifSqwNeV83tazBA4O532TaY8elQsioDXfWvRoWeo/+FRLNZhvKCH+ASt5vMInA==",
            "secondary_blob_connection_string": "",
            "secondary_blob_endpoint": null,
            "secondary_blob_host": null,
            "secondary_blob_internet_endpoint": null,
            "secondary_blob_internet_host": null,
            "secondary_blob_microsoft_endpoint": null,
            "secondary_blob_microsoft_host": null,
            "secondary_connection_string": "DefaultEndpointsProtocol=https;AccountName=webstorage001155;AccountKey=WdanS1rKAhkihTF6x3epw9SWifSqwNeV83tazBA4O532TaY8elQsioDXfWvRoWeo/+FRLNZhvKCH+ASt5vMInA==;EndpointSuffix=core.windows.net",
            "secondary_dfs_endpoint": null,
            "secondary_dfs_host": null,
            "secondary_dfs_internet_endpoint": null,
            "secondary_dfs_internet_host": null,
            "secondary_dfs_microsoft_endpoint": null,
            "secondary_dfs_microsoft_host": null,
            "secondary_file_endpoint": null,
            "secondary_file_host": null,
            "secondary_file_internet_endpoint": null,
            "secondary_file_internet_host": null,
            "secondary_file_microsoft_endpoint": null,
            "secondary_file_microsoft_host": null,
            "secondary_location": "",
            "secondary_queue_endpoint": null,
            "secondary_queue_host": null,
            "secondary_queue_microsoft_endpoint": null,
            "secondary_queue_microsoft_host": null,
            "secondary_table_endpoint": null,
            "secondary_table_host": null,
            "secondary_table_microsoft_endpoint": null,
            "secondary_table_microsoft_host": null,
            "secondary_web_endpoint": null,
            "secondary_web_host": null,
            "secondary_web_internet_endpoint": null,
            "secondary_web_internet_host": null,
            "secondary_web_microsoft_endpoint": null,
            "secondary_web_microsoft_host": null,
            "sftp_enabled": false,
            "share_properties": [
              {
                "cors_rule": [],
                "retention_policy": [
                  {
                    "days": 7
                  }
                ],
                "smb": []
              }
            ],
            "shared_access_key_enabled": true,
            "static_website": [],
            "table_encryption_key_type": "Service",
            "tags": {},
            "timeouts": null
          },
          "sensitive_attributes": [],
          "private": "eyJlMmJmYjczMC1lY2FhLTExZTYtOGY4OC0zNDM2M2JjN2M0YzAiOnsiY3JlYXRlIjozNjAwMDAwMDAwMDAwLCJkZWxldGUiOjM2MDAwMDAwMDAwMDAsInJlYWQiOjMwMDAwMDAwMDAwMCwidXBkYXRlIjozNjAwMDAwMDAwMDAwfSwic2NoZW1hX3ZlcnNpb24iOiI0In0=",
          "dependencies": [
            "module.general.azurerm_resource_group.rg"
          ]
        }
      ]
    },
    {
      "module": "module.storage",
      "mode": "managed",
      "type": "azurerm_storage_blob",
      "name": "blobs",
      "provider": "provider[\"registry.terraform.io/hashicorp/azurerm\"]",
      "instances": [
        {
          "index_key": "01.sql",
          "schema_version": 1,
          "attributes": {
            "access_tier": "Hot",
            "cache_control": "",
            "content_md5": "",
            "content_type": "application/octet-stream",
            "id": "https://webstorage001155.blob.core.windows.net/scripts/01.sql",
            "metadata": {},
            "name": "01.sql",
            "parallelism": 8,
            "size": 0,
            "source": null,
            "source_content": "CREATE TABLE [dbo].[Products](\r\n\t[ProductID] [int] NULL,\r\n\t[ProductName] [varchar](1000) NULL,\r\n\t[Quantity] [int] NULL,\r\n\t[ProductImage] [varchar](1000) NULL\r\n) ON [PRIMARY]\r\n\r\nINSERT INTO Products(ProductID,ProductName,Quantity,ProductImage) VALUES (1,'Cotton',100,'https://webstorage001155.blob.core.windows.net/images/cotton.jpg')\r\n\r\nINSERT INTO Products(ProductID,ProductName,Quantity,ProductImage) VALUES (2,'Dark',200,'https://webstorage001155.blob.core.windows.net/images/dark.jpg')\r\n\r\nINSERT INTO Products(ProductID,ProductName,Quantity,ProductImage) VALUES (3,'Rock',300,'https://webstorage001155.blob.core.windows.net/images/rock.jpg')\r\n\r\nINSERT INTO Products(ProductID,ProductName,Quantity,ProductImage) VALUES (4,'Fortune',400,'https://webstorage001155.blob.core.windows.net/images/fortune.jpg')\r\n\r\n     \t",
            "source_uri": null,
            "storage_account_name": "webstorage001155",
            "storage_container_name": "scripts",
            "timeouts": null,
            "type": "Block",
            "url": "https://webstorage001155.blob.core.windows.net/scripts/01.sql"
          },
          "sensitive_attributes": [],
          "private": "eyJlMmJmYjczMC1lY2FhLTExZTYtOGY4OC0zNDM2M2JjN2M0YzAiOnsiY3JlYXRlIjoxODAwMDAwMDAwMDAwLCJkZWxldGUiOjE4MDAwMDAwMDAwMDAsInJlYWQiOjMwMDAwMDAwMDAwMCwidXBkYXRlIjoxODAwMDAwMDAwMDAwfSwic2NoZW1hX3ZlcnNpb24iOiIxIn0=",
          "dependencies": [
            "module.general.azurerm_resource_group.rg",
            "module.storage.azurerm_storage_account.storage-account",
            "module.storage.azurerm_storage_container.storage-conatiner"
          ]
        },
        {
          "index_key": "Script.ps1",
          "schema_version": 1,
          "attributes": {
            "access_tier": "Hot",
            "cache_control": "",
            "content_md5": "",
            "content_type": "application/octet-stream",
            "id": "https://webstorage001155.blob.core.windows.net/scripts/Script.ps1",
            "metadata": {},
            "name": "Script.ps1",
            "parallelism": 8,
            "size": 0,
            "source": null,
            "source_content": "$LoginName=\"adminuser\"\r\n$LoginPassword=\"Password@123\"\r\n$DatabaseName=\"appdb\"\r\n$ServerName=\"database-vm\"\r\n$DBQuery=\"CREATE DATABASE appdb\"\r\n\r\n\r\nInvoke-SqlCmd -ServerInstance $ServerName -U $LoginName -p $LoginPassword -Query $DBQuery\r\n\r\n\r\n$LoginName=\"adminuser\"\r\n$LoginPassword=\"Password@123\"\r\n$ServerName=\"database-vm\"\r\n$DatabaseName=\"appdb\"\r\n$ScriptFile=\"https://webstorage001155.blob.core.windows.net/scripts/01.sql\"\r\n$Destination=\"D:\\01.sql\"\r\n\r\n\r\nInvoke-WebRequest -Uri $ScriptFile -OutFile $Destination\r\nInvoke-SqlCmd -ServerInstance $ServerName -InputFile $Destination -Database $DatabaseName -Username $LoginName -Password $LoginPassword\r\n\r\n\r\n",
            "source_uri": null,
            "storage_account_name": "webstorage001155",
            "storage_container_name": "scripts",
            "timeouts": null,
            "type": "Block",
            "url": "https://webstorage001155.blob.core.windows.net/scripts/Script.ps1"
          },
          "sensitive_attributes": [],
          "private": "eyJlMmJmYjczMC1lY2FhLTExZTYtOGY4OC0zNDM2M2JjN2M0YzAiOnsiY3JlYXRlIjoxODAwMDAwMDAwMDAwLCJkZWxldGUiOjE4MDAwMDAwMDAwMDAsInJlYWQiOjMwMDAwMDAwMDAwMCwidXBkYXRlIjoxODAwMDAwMDAwMDAwfSwic2NoZW1hX3ZlcnNpb24iOiIxIn0=",
          "dependencies": [
            "module.general.azurerm_resource_group.rg",
            "module.storage.azurerm_storage_account.storage-account",
            "module.storage.azurerm_storage_container.storage-conatiner"
          ]
        }
      ]
    },
    {
      "module": "module.storage",
      "mode": "managed",
      "type": "azurerm_storage_container",
      "name": "storage-conatiner",
      "provider": "provider[\"registry.terraform.io/hashicorp/azurerm\"]",
      "instances": [
        {
          "schema_version": 1,
          "attributes": {
            "container_access_type": "blob",
            "has_immutability_policy": false,
            "has_legal_hold": false,
            "id": "https://webstorage001155.blob.core.windows.net/scripts",
            "metadata": {},
            "name": "scripts",
            "resource_manager_id": "/subscriptions/fa1f17e0-aadf-4e9b-a932-ed75c5eab77a/resourceGroups/project-rg/providers/Microsoft.Storage/storageAccounts/webstorage001155/blobServices/default/containers/scripts",
            "storage_account_name": "webstorage001155",
            "timeouts": null
          },
          "sensitive_attributes": [],
          "private": "eyJlMmJmYjczMC1lY2FhLTExZTYtOGY4OC0zNDM2M2JjN2M0YzAiOnsiY3JlYXRlIjoxODAwMDAwMDAwMDAwLCJkZWxldGUiOjE4MDAwMDAwMDAwMDAsInJlYWQiOjMwMDAwMDAwMDAwMCwidXBkYXRlIjoxODAwMDAwMDAwMDAwfSwic2NoZW1hX3ZlcnNpb24iOiIxIn0=",
          "dependencies": [
            "module.general.azurerm_resource_group.rg",
            "module.storage.azurerm_storage_account.storage-account"
          ]
        }
      ]
    }
  ],
  "check_results": null
}
